
Microsoft Visual Studio Solution File, Format Version 12.00
# Visual Studio Version 17
VisualStudioVersion = 17.8.34330.188
MinimumVisualStudioVersion = 10.0.40219.1
Project("{9A19103F-16F7-4668-BE54-9A1E7A4F7556}") = "BNAPI", "BNAPI\BNAPI.csproj", "{EE5ACF20-BF8A-46CB-B4DA-76946C179F47}"
EndProject
Project("{9A19103F-16F7-4668-BE54-9A1E7A4F7556}") = "BNLib", "BNLib\BNLib.csproj", "{5BA70861-E1D3-40EF-B8B4-4A7225B6FF6C}"
EndProject
Project("{9A19103F-16F7-4668-BE54-9A1E7A4F7556}") = "BNData", "BNData\BNData.csproj", "{58EA9C31-140B-44FF-9E0A-064663FE7E69}"
EndProject
Global
	GlobalSection(SolutionConfigurationPlatforms) = preSolution
		Debug|Any CPU = Debug|Any CPU
		Release|Any CPU = Release|Any CPU
	EndGlobalSection
	GlobalSection(ProjectConfigurationPlatforms) = postSolution
		{EE5ACF20-BF8A-46CB-B4DA-76946C179F47}.Debug|Any CPU.ActiveCfg = Debug|Any CPU
		{EE5ACF20-BF8A-46CB-B4DA-76946C179F47}.Debug|Any CPU.Build.0 = Debug|Any CPU
		{EE5ACF20-BF8A-46CB-B4DA-76946C179F47}.Release|Any CPU.ActiveCfg = Release|Any CPU
		{EE5ACF20-BF8A-46CB-B4DA-76946C179F47}.Release|Any CPU.Build.0 = Release|Any CPU
		{5BA70861-E1D3-40EF-B8B4-4A7225B6FF6C}.Debug|Any CPU.ActiveCfg = Debug|Any CPU
		{5BA70861-E1D3-40EF-B8B4-4A7225B6FF6C}.Debug|Any CPU.Build.0 = Debug|Any CPU
		{5BA70861-E1D3-40EF-B8B4-4A7225B6FF6C}.Release|Any CPU.ActiveCfg = Release|Any CPU
		{5BA70861-E1D3-40EF-B8B4-4A7225B6FF6C}.Release|Any CPU.Build.0 = Release|Any CPU
		{58EA9C31-140B-44FF-9E0A-064663FE7E69}.Debug|Any CPU.ActiveCfg = Debug|Any CPU
		{58EA9C31-140B-44FF-9E0A-064663FE7E69}.Debug|Any CPU.Build.0 = Debug|Any CPU
		{58EA9C31-140B-44FF-9E0A-064663FE7E69}.Release|Any CPU.ActiveCfg = Release|Any CPU
		{58EA9C31-140B-44FF-9E0A-064663FE7E69}.Release|Any CPU.Build.0 = Release|Any CPU
	EndGlobalSection
	GlobalSection(SolutionProperties) = preSolution
		HideSolutionNode = FALSE
	EndGlobalSection
	GlobalSection(ExtensibilityGlobals) = postSolution
		SolutionGuid = {69401AFB-9C55-4867-80D4-655ECDE9B486}
	EndGlobalSection
EndGlobal
